// !$*UTF8*$!
{
	archiveVersion = 1;
	classes = {
	};
	objectVersion = 55;
	objects = {

/* Begin PBXBuildFile section */
		0F18DD4A277F418700535A70 /* BaseRecipeVM.swift in Sources */ = {isa = PBXBuildFile; fileRef = 0F18DD49277F418600535A70 /* BaseRecipeVM.swift */; };
		0F18DD4C277F424F00535A70 /* RecipeDetailsVM.swift in Sources */ = {isa = PBXBuildFile; fileRef = 0F18DD4B277F424F00535A70 /* RecipeDetailsVM.swift */; };
		0F18DD4E277F42E300535A70 /* RecipeDetailsVC.swift in Sources */ = {isa = PBXBuildFile; fileRef = 0F18DD4D277F42E300535A70 /* RecipeDetailsVC.swift */; };
		0F18DD50277F43A200535A70 /* RecipeStepTVCell.swift in Sources */ = {isa = PBXBuildFile; fileRef = 0F18DD4F277F43A200535A70 /* RecipeStepTVCell.swift */; };
		0F18DD53277F483700535A70 /* RecipeStepCellVM.swift in Sources */ = {isa = PBXBuildFile; fileRef = 0F18DD52277F483700535A70 /* RecipeStepCellVM.swift */; };
		0F18DD55277F51F100535A70 /* UserNavigationView.swift in Sources */ = {isa = PBXBuildFile; fileRef = 0F18DD54277F51F100535A70 /* UserNavigationView.swift */; };
		0F18DD58277F669B00535A70 /* BaseVC.swift in Sources */ = {isa = PBXBuildFile; fileRef = 0F18DD57277F669B00535A70 /* BaseVC.swift */; };
		0F18DD5A277F676800535A70 /* UIStoryboardExtension.swift in Sources */ = {isa = PBXBuildFile; fileRef = 0F18DD59277F676800535A70 /* UIStoryboardExtension.swift */; };
		0F18DD5C277F6BAA00535A70 /* UIViewControllerExtension.swift in Sources */ = {isa = PBXBuildFile; fileRef = 0F18DD5B277F6BAA00535A70 /* UIViewControllerExtension.swift */; };
		0F76EEA32778516300C6ED81 /* HomeVC.swift in Sources */ = {isa = PBXBuildFile; fileRef = 0F76EEA22778516300C6ED81 /* HomeVC.swift */; };
		0F76EEA52778529400C6ED81 /* PrepsVC.swift in Sources */ = {isa = PBXBuildFile; fileRef = 0F76EEA42778529400C6ED81 /* PrepsVC.swift */; };
		0F76EEA82778641D00C6ED81 /* HomeVM.swift in Sources */ = {isa = PBXBuildFile; fileRef = 0F76EEA72778641D00C6ED81 /* HomeVM.swift */; };
		0F76EEAA2778643400C6ED81 /* PrepsVM.swift in Sources */ = {isa = PBXBuildFile; fileRef = 0F76EEA92778643400C6ED81 /* PrepsVM.swift */; };
		0F76EEAD2778652400C6ED81 /* HomeBannerTVCell.swift in Sources */ = {isa = PBXBuildFile; fileRef = 0F76EEAC2778652400C6ED81 /* HomeBannerTVCell.swift */; };
		0F76EEB02778662100C6ED81 /* BannerCVCell.swift in Sources */ = {isa = PBXBuildFile; fileRef = 0F76EEAF2778662100C6ED81 /* BannerCVCell.swift */; };
		0F76EEB2277869E100C6ED81 /* HomeBannerTVCellVM.swift in Sources */ = {isa = PBXBuildFile; fileRef = 0F76EEB1277869E100C6ED81 /* HomeBannerTVCellVM.swift */; };
		0F76EEB527786ADF00C6ED81 /* Utils.swift in Sources */ = {isa = PBXBuildFile; fileRef = 0F76EEB427786ADF00C6ED81 /* Utils.swift */; };
		0F76EEB8277883E500C6ED81 /* UIResponderExtension.swift in Sources */ = {isa = PBXBuildFile; fileRef = 0F76EEB7277883E500C6ED81 /* UIResponderExtension.swift */; };
		0F76EEBA27788A2B00C6ED81 /* RecipeTVCell.swift in Sources */ = {isa = PBXBuildFile; fileRef = 0F76EEB927788A2A00C6ED81 /* RecipeTVCell.swift */; };
		0F76EEBE2778951600C6ED81 /* MenuBar.swift in Sources */ = {isa = PBXBuildFile; fileRef = 0F76EEBD2778951600C6ED81 /* MenuBar.swift */; };
		0F76EEC02778954900C6ED81 /* MenuCell.swift in Sources */ = {isa = PBXBuildFile; fileRef = 0F76EEBF2778954900C6ED81 /* MenuCell.swift */; };
		0F76EEC2277895E600C6ED81 /* MenuItem.swift in Sources */ = {isa = PBXBuildFile; fileRef = 0F76EEC1277895E600C6ED81 /* MenuItem.swift */; };
		0F76EEC42778D32700C6ED81 /* APIManager.swift in Sources */ = {isa = PBXBuildFile; fileRef = 0F76EEC32778D32700C6ED81 /* APIManager.swift */; };
		0F76EEC62778DA0000C6ED81 /* Collection.swift in Sources */ = {isa = PBXBuildFile; fileRef = 0F76EEC52778DA0000C6ED81 /* Collection.swift */; };
		0F76EEC82778DA9E00C6ED81 /* User.swift in Sources */ = {isa = PBXBuildFile; fileRef = 0F76EEC72778DA9E00C6ED81 /* User.swift */; };
		0F76EECA2778DACF00C6ED81 /* Step.swift in Sources */ = {isa = PBXBuildFile; fileRef = 0F76EEC92778DACF00C6ED81 /* Step.swift */; };
		0F76EECC2778DB0C00C6ED81 /* Recipe.swift in Sources */ = {isa = PBXBuildFile; fileRef = 0F76EECB2778DB0C00C6ED81 /* Recipe.swift */; };
		0F76EECE2778E4DE00C6ED81 /* Router.swift in Sources */ = {isa = PBXBuildFile; fileRef = 0F76EECD2778E4DE00C6ED81 /* Router.swift */; };
		0F76EED02779AAA400C6ED81 /* RecipeCellVM.swift in Sources */ = {isa = PBXBuildFile; fileRef = 0F76EECF2779AAA400C6ED81 /* RecipeCellVM.swift */; };
		0F853CBC277CFAAB00002375 /* IngredientTVCell.swift in Sources */ = {isa = PBXBuildFile; fileRef = 0F853CBB277CFAAB00002375 /* IngredientTVCell.swift */; };
		0F853CBE277D01C600002375 /* IngredientCellVM.swift in Sources */ = {isa = PBXBuildFile; fileRef = 0F853CBD277D01C600002375 /* IngredientCellVM.swift */; };
		0F853CC0277DEA7F00002375 /* StringExtension.swift in Sources */ = {isa = PBXBuildFile; fileRef = 0F853CBF277DEA7E00002375 /* StringExtension.swift */; };
		0FB6A0B32777C69F004F10AA /* AppDelegate.swift in Sources */ = {isa = PBXBuildFile; fileRef = 0FB6A0B22777C69F004F10AA /* AppDelegate.swift */; };
		0FB6A0BA2777C69F004F10AA /* Main.storyboard in Resources */ = {isa = PBXBuildFile; fileRef = 0FB6A0B82777C69F004F10AA /* Main.storyboard */; };
		0FB6A0BC2777C6A1004F10AA /* Assets.xcassets in Resources */ = {isa = PBXBuildFile; fileRef = 0FB6A0BB2777C6A1004F10AA /* Assets.xcassets */; };
		0FB6A0BF2777C6A1004F10AA /* LaunchScreen.storyboard in Resources */ = {isa = PBXBuildFile; fileRef = 0FB6A0BD2777C6A1004F10AA /* LaunchScreen.storyboard */; };
		0FB6A0CA2777C6A1004F10AA /* EasyCookTests.swift in Sources */ = {isa = PBXBuildFile; fileRef = 0FB6A0C92777C6A1004F10AA /* EasyCookTests.swift */; };
		0FB6A0D42777C6A1004F10AA /* EasyCookUITests.swift in Sources */ = {isa = PBXBuildFile; fileRef = 0FB6A0D32777C6A1004F10AA /* EasyCookUITests.swift */; };
		0FB6A0D62777C6A1004F10AA /* EasyCookUITestsLaunchTests.swift in Sources */ = {isa = PBXBuildFile; fileRef = 0FB6A0D52777C6A1004F10AA /* EasyCookUITestsLaunchTests.swift */; };
		0FBF3AE32781C0BC00318794 /* UIViewExtension.swift in Sources */ = {isa = PBXBuildFile; fileRef = 0FBF3AE22781C0BB00318794 /* UIViewExtension.swift */; };
		0FECE2C027811DF90024EDB5 /* UITableViewExtension.swift in Sources */ = {isa = PBXBuildFile; fileRef = 0FECE2BF27811DF90024EDB5 /* UITableViewExtension.swift */; };
		0FECE2C227811E0D0024EDB5 /* UICollectionViewExtension.swift in Sources */ = {isa = PBXBuildFile; fileRef = 0FECE2C127811E0D0024EDB5 /* UICollectionViewExtension.swift */; };
		0FED0589277B8E31006CF7C6 /* AddIngredientTVCell.swift in Sources */ = {isa = PBXBuildFile; fileRef = 0FED0588277B8E31006CF7C6 /* AddIngredientTVCell.swift */; };
		0FED058B277B934A006CF7C6 /* BaseViewModel.swift in Sources */ = {isa = PBXBuildFile; fileRef = 0FED058A277B934A006CF7C6 /* BaseViewModel.swift */; };
		522F6E5637EEBBE8E980DBCF /* Pods_EasyCookTests.framework in Frameworks */ = {isa = PBXBuildFile; fileRef = 0AFA0F1717FCD3646BF862C3 /* Pods_EasyCookTests.framework */; };
		624FB50A85CC974AE7549B55 /* Pods_EasyCook.framework in Frameworks */ = {isa = PBXBuildFile; fileRef = B6AA2E4D91CBD287568D78B5 /* Pods_EasyCook.framework */; };
		F5ECBF6920C6E228E9DFBCEF /* Pods_EasyCook_EasyCookUITests.framework in Frameworks */ = {isa = PBXBuildFile; fileRef = 301F32CF9100CAADCECDE4EC /* Pods_EasyCook_EasyCookUITests.framework */; };
/* End PBXBuildFile section */

/* Begin PBXContainerItemProxy section */
		0FB6A0C62777C6A1004F10AA /* PBXContainerItemProxy */ = {
			isa = PBXContainerItemProxy;
			containerPortal = 0FB6A0A72777C69F004F10AA /* Project object */;
			proxyType = 1;
			remoteGlobalIDString = 0FB6A0AE2777C69F004F10AA;
			remoteInfo = EasyCook;
		};
		0FB6A0D02777C6A1004F10AA /* PBXContainerItemProxy */ = {
			isa = PBXContainerItemProxy;
			containerPortal = 0FB6A0A72777C69F004F10AA /* Project object */;
			proxyType = 1;
			remoteGlobalIDString = 0FB6A0AE2777C69F004F10AA;
			remoteInfo = EasyCook;
		};
/* End PBXContainerItemProxy section */

/* Begin PBXFileReference section */
		0098E81EBCADF5764B26A014 /* Pods-EasyCook.release.xcconfig */ = {isa = PBXFileReference; includeInIndex = 1; lastKnownFileType = text.xcconfig; name = "Pods-EasyCook.release.xcconfig"; path = "Target Support Files/Pods-EasyCook/Pods-EasyCook.release.xcconfig"; sourceTree = "<group>"; };
		0AFA0F1717FCD3646BF862C3 /* Pods_EasyCookTests.framework */ = {isa = PBXFileReference; explicitFileType = wrapper.framework; includeInIndex = 0; path = Pods_EasyCookTests.framework; sourceTree = BUILT_PRODUCTS_DIR; };
		0F18DD49277F418600535A70 /* BaseRecipeVM.swift */ = {isa = PBXFileReference; lastKnownFileType = sourcecode.swift; path = BaseRecipeVM.swift; sourceTree = "<group>"; };
		0F18DD4B277F424F00535A70 /* RecipeDetailsVM.swift */ = {isa = PBXFileReference; lastKnownFileType = sourcecode.swift; path = RecipeDetailsVM.swift; sourceTree = "<group>"; };
		0F18DD4D277F42E300535A70 /* RecipeDetailsVC.swift */ = {isa = PBXFileReference; lastKnownFileType = sourcecode.swift; path = RecipeDetailsVC.swift; sourceTree = "<group>"; };
		0F18DD4F277F43A200535A70 /* RecipeStepTVCell.swift */ = {isa = PBXFileReference; lastKnownFileType = sourcecode.swift; path = RecipeStepTVCell.swift; sourceTree = "<group>"; };
		0F18DD52277F483700535A70 /* RecipeStepCellVM.swift */ = {isa = PBXFileReference; lastKnownFileType = sourcecode.swift; path = RecipeStepCellVM.swift; sourceTree = "<group>"; };
		0F18DD54277F51F100535A70 /* UserNavigationView.swift */ = {isa = PBXFileReference; lastKnownFileType = sourcecode.swift; path = UserNavigationView.swift; sourceTree = "<group>"; };
		0F18DD57277F669B00535A70 /* BaseVC.swift */ = {isa = PBXFileReference; lastKnownFileType = sourcecode.swift; path = BaseVC.swift; sourceTree = "<group>"; };
		0F18DD59277F676800535A70 /* UIStoryboardExtension.swift */ = {isa = PBXFileReference; lastKnownFileType = sourcecode.swift; path = UIStoryboardExtension.swift; sourceTree = "<group>"; };
		0F18DD5B277F6BAA00535A70 /* UIViewControllerExtension.swift */ = {isa = PBXFileReference; lastKnownFileType = sourcecode.swift; path = UIViewControllerExtension.swift; sourceTree = "<group>"; };
		0F76EEA22778516300C6ED81 /* HomeVC.swift */ = {isa = PBXFileReference; lastKnownFileType = sourcecode.swift; path = HomeVC.swift; sourceTree = "<group>"; };
		0F76EEA42778529400C6ED81 /* PrepsVC.swift */ = {isa = PBXFileReference; lastKnownFileType = sourcecode.swift; path = PrepsVC.swift; sourceTree = "<group>"; };
		0F76EEA72778641D00C6ED81 /* HomeVM.swift */ = {isa = PBXFileReference; lastKnownFileType = sourcecode.swift; path = HomeVM.swift; sourceTree = "<group>"; };
		0F76EEA92778643400C6ED81 /* PrepsVM.swift */ = {isa = PBXFileReference; lastKnownFileType = sourcecode.swift; path = PrepsVM.swift; sourceTree = "<group>"; };
		0F76EEAC2778652400C6ED81 /* HomeBannerTVCell.swift */ = {isa = PBXFileReference; lastKnownFileType = sourcecode.swift; path = HomeBannerTVCell.swift; sourceTree = "<group>"; };
		0F76EEAF2778662100C6ED81 /* BannerCVCell.swift */ = {isa = PBXFileReference; lastKnownFileType = sourcecode.swift; path = BannerCVCell.swift; sourceTree = "<group>"; };
		0F76EEB1277869E100C6ED81 /* HomeBannerTVCellVM.swift */ = {isa = PBXFileReference; lastKnownFileType = sourcecode.swift; path = HomeBannerTVCellVM.swift; sourceTree = "<group>"; };
		0F76EEB427786ADF00C6ED81 /* Utils.swift */ = {isa = PBXFileReference; lastKnownFileType = sourcecode.swift; path = Utils.swift; sourceTree = "<group>"; };
		0F76EEB7277883E500C6ED81 /* UIResponderExtension.swift */ = {isa = PBXFileReference; lastKnownFileType = sourcecode.swift; path = UIResponderExtension.swift; sourceTree = "<group>"; };
		0F76EEB927788A2A00C6ED81 /* RecipeTVCell.swift */ = {isa = PBXFileReference; lastKnownFileType = sourcecode.swift; path = RecipeTVCell.swift; sourceTree = "<group>"; };
		0F76EEBD2778951600C6ED81 /* MenuBar.swift */ = {isa = PBXFileReference; lastKnownFileType = sourcecode.swift; path = MenuBar.swift; sourceTree = "<group>"; };
		0F76EEBF2778954900C6ED81 /* MenuCell.swift */ = {isa = PBXFileReference; lastKnownFileType = sourcecode.swift; path = MenuCell.swift; sourceTree = "<group>"; };
		0F76EEC1277895E600C6ED81 /* MenuItem.swift */ = {isa = PBXFileReference; lastKnownFileType = sourcecode.swift; path = MenuItem.swift; sourceTree = "<group>"; };
		0F76EEC32778D32700C6ED81 /* APIManager.swift */ = {isa = PBXFileReference; lastKnownFileType = sourcecode.swift; path = APIManager.swift; sourceTree = "<group>"; };
		0F76EEC52778DA0000C6ED81 /* Collection.swift */ = {isa = PBXFileReference; lastKnownFileType = sourcecode.swift; path = Collection.swift; sourceTree = "<group>"; };
		0F76EEC72778DA9E00C6ED81 /* User.swift */ = {isa = PBXFileReference; lastKnownFileType = sourcecode.swift; path = User.swift; sourceTree = "<group>"; };
		0F76EEC92778DACF00C6ED81 /* Step.swift */ = {isa = PBXFileReference; lastKnownFileType = sourcecode.swift; path = Step.swift; sourceTree = "<group>"; };
		0F76EECB2778DB0C00C6ED81 /* Recipe.swift */ = {isa = PBXFileReference; lastKnownFileType = sourcecode.swift; path = Recipe.swift; sourceTree = "<group>"; };
		0F76EECD2778E4DE00C6ED81 /* Router.swift */ = {isa = PBXFileReference; lastKnownFileType = sourcecode.swift; path = Router.swift; sourceTree = "<group>"; };
		0F76EECF2779AAA400C6ED81 /* RecipeCellVM.swift */ = {isa = PBXFileReference; lastKnownFileType = sourcecode.swift; path = RecipeCellVM.swift; sourceTree = "<group>"; };
		0F853CBB277CFAAB00002375 /* IngredientTVCell.swift */ = {isa = PBXFileReference; lastKnownFileType = sourcecode.swift; path = IngredientTVCell.swift; sourceTree = "<group>"; };
		0F853CBD277D01C600002375 /* IngredientCellVM.swift */ = {isa = PBXFileReference; lastKnownFileType = sourcecode.swift; path = IngredientCellVM.swift; sourceTree = "<group>"; };
		0F853CBF277DEA7E00002375 /* StringExtension.swift */ = {isa = PBXFileReference; lastKnownFileType = sourcecode.swift; path = StringExtension.swift; sourceTree = "<group>"; };
		0FB6A0AF2777C69F004F10AA /* EasyCook.app */ = {isa = PBXFileReference; explicitFileType = wrapper.application; includeInIndex = 0; path = EasyCook.app; sourceTree = BUILT_PRODUCTS_DIR; };
		0FB6A0B22777C69F004F10AA /* AppDelegate.swift */ = {isa = PBXFileReference; lastKnownFileType = sourcecode.swift; path = AppDelegate.swift; sourceTree = "<group>"; };
		0FB6A0B92777C69F004F10AA /* Base */ = {isa = PBXFileReference; lastKnownFileType = file.storyboard; name = Base; path = Base.lproj/Main.storyboard; sourceTree = "<group>"; };
		0FB6A0BB2777C6A1004F10AA /* Assets.xcassets */ = {isa = PBXFileReference; lastKnownFileType = folder.assetcatalog; path = Assets.xcassets; sourceTree = "<group>"; };
		0FB6A0BE2777C6A1004F10AA /* Base */ = {isa = PBXFileReference; lastKnownFileType = file.storyboard; name = Base; path = Base.lproj/LaunchScreen.storyboard; sourceTree = "<group>"; };
		0FB6A0C02777C6A1004F10AA /* Info.plist */ = {isa = PBXFileReference; lastKnownFileType = text.plist.xml; path = Info.plist; sourceTree = "<group>"; };
		0FB6A0C52777C6A1004F10AA /* EasyCookTests.xctest */ = {isa = PBXFileReference; explicitFileType = wrapper.cfbundle; includeInIndex = 0; path = EasyCookTests.xctest; sourceTree = BUILT_PRODUCTS_DIR; };
		0FB6A0C92777C6A1004F10AA /* EasyCookTests.swift */ = {isa = PBXFileReference; lastKnownFileType = sourcecode.swift; path = EasyCookTests.swift; sourceTree = "<group>"; };
		0FB6A0CF2777C6A1004F10AA /* EasyCookUITests.xctest */ = {isa = PBXFileReference; explicitFileType = wrapper.cfbundle; includeInIndex = 0; path = EasyCookUITests.xctest; sourceTree = BUILT_PRODUCTS_DIR; };
		0FB6A0D32777C6A1004F10AA /* EasyCookUITests.swift */ = {isa = PBXFileReference; lastKnownFileType = sourcecode.swift; path = EasyCookUITests.swift; sourceTree = "<group>"; };
		0FB6A0D52777C6A1004F10AA /* EasyCookUITestsLaunchTests.swift */ = {isa = PBXFileReference; lastKnownFileType = sourcecode.swift; path = EasyCookUITestsLaunchTests.swift; sourceTree = "<group>"; };
		0FBF3AE22781C0BB00318794 /* UIViewExtension.swift */ = {isa = PBXFileReference; fileEncoding = 4; lastKnownFileType = sourcecode.swift; path = UIViewExtension.swift; sourceTree = "<group>"; };
		0FECE2BF27811DF90024EDB5 /* UITableViewExtension.swift */ = {isa = PBXFileReference; lastKnownFileType = sourcecode.swift; path = UITableViewExtension.swift; sourceTree = "<group>"; };
		0FECE2C127811E0D0024EDB5 /* UICollectionViewExtension.swift */ = {isa = PBXFileReference; lastKnownFileType = sourcecode.swift; path = UICollectionViewExtension.swift; sourceTree = "<group>"; };
		0FED0588277B8E31006CF7C6 /* AddIngredientTVCell.swift */ = {isa = PBXFileReference; lastKnownFileType = sourcecode.swift; path = AddIngredientTVCell.swift; sourceTree = "<group>"; };
		0FED058A277B934A006CF7C6 /* BaseViewModel.swift */ = {isa = PBXFileReference; lastKnownFileType = sourcecode.swift; path = BaseViewModel.swift; sourceTree = "<group>"; };
		24A753D2FCD8BDB3C182EA7C /* Pods-EasyCook-EasyCookUITests.debug.xcconfig */ = {isa = PBXFileReference; includeInIndex = 1; lastKnownFileType = text.xcconfig; name = "Pods-EasyCook-EasyCookUITests.debug.xcconfig"; path = "Target Support Files/Pods-EasyCook-EasyCookUITests/Pods-EasyCook-EasyCookUITests.debug.xcconfig"; sourceTree = "<group>"; };
		2CA61F283CE03BB1F6BF2B6E /* Pods-EasyCookTests.release.xcconfig */ = {isa = PBXFileReference; includeInIndex = 1; lastKnownFileType = text.xcconfig; name = "Pods-EasyCookTests.release.xcconfig"; path = "Target Support Files/Pods-EasyCookTests/Pods-EasyCookTests.release.xcconfig"; sourceTree = "<group>"; };
		301F32CF9100CAADCECDE4EC /* Pods_EasyCook_EasyCookUITests.framework */ = {isa = PBXFileReference; explicitFileType = wrapper.framework; includeInIndex = 0; path = Pods_EasyCook_EasyCookUITests.framework; sourceTree = BUILT_PRODUCTS_DIR; };
		4220F2298256C306DE84AFC0 /* Pods-EasyCook-EasyCookUITests.release.xcconfig */ = {isa = PBXFileReference; includeInIndex = 1; lastKnownFileType = text.xcconfig; name = "Pods-EasyCook-EasyCookUITests.release.xcconfig"; path = "Target Support Files/Pods-EasyCook-EasyCookUITests/Pods-EasyCook-EasyCookUITests.release.xcconfig"; sourceTree = "<group>"; };
		7AE421C75883731CA68CFD18 /* Pods-EasyCookTests.debug.xcconfig */ = {isa = PBXFileReference; includeInIndex = 1; lastKnownFileType = text.xcconfig; name = "Pods-EasyCookTests.debug.xcconfig"; path = "Target Support Files/Pods-EasyCookTests/Pods-EasyCookTests.debug.xcconfig"; sourceTree = "<group>"; };
		B6AA2E4D91CBD287568D78B5 /* Pods_EasyCook.framework */ = {isa = PBXFileReference; explicitFileType = wrapper.framework; includeInIndex = 0; path = Pods_EasyCook.framework; sourceTree = BUILT_PRODUCTS_DIR; };
		C0DA9F20BFBE8D4C5BAC0BEE /* Pods-EasyCook.debug.xcconfig */ = {isa = PBXFileReference; includeInIndex = 1; lastKnownFileType = text.xcconfig; name = "Pods-EasyCook.debug.xcconfig"; path = "Target Support Files/Pods-EasyCook/Pods-EasyCook.debug.xcconfig"; sourceTree = "<group>"; };
/* End PBXFileReference section */

/* Begin PBXFrameworksBuildPhase section */
		0FB6A0AC2777C69F004F10AA /* Frameworks */ = {
			isa = PBXFrameworksBuildPhase;
			buildActionMask = 2147483647;
			files = (
				624FB50A85CC974AE7549B55 /* Pods_EasyCook.framework in Frameworks */,
			);
			runOnlyForDeploymentPostprocessing = 0;
		};
		0FB6A0C22777C6A1004F10AA /* Frameworks */ = {
			isa = PBXFrameworksBuildPhase;
			buildActionMask = 2147483647;
			files = (
				522F6E5637EEBBE8E980DBCF /* Pods_EasyCookTests.framework in Frameworks */,
			);
			runOnlyForDeploymentPostprocessing = 0;
		};
		0FB6A0CC2777C6A1004F10AA /* Frameworks */ = {
			isa = PBXFrameworksBuildPhase;
			buildActionMask = 2147483647;
			files = (
				F5ECBF6920C6E228E9DFBCEF /* Pods_EasyCook_EasyCookUITests.framework in Frameworks */,
			);
			runOnlyForDeploymentPostprocessing = 0;
		};
/* End PBXFrameworksBuildPhase section */

/* Begin PBXGroup section */
		0F18DD51277F47F400535A70 /* BaseVMs */ = {
			isa = PBXGroup;
			children = (
				0FED058A277B934A006CF7C6 /* BaseViewModel.swift */,
				0F18DD49277F418600535A70 /* BaseRecipeVM.swift */,
			);
			path = BaseVMs;
			sourceTree = "<group>";
		};
		0F76EEA6277863EF00C6ED81 /* TVCells */ = {
			isa = PBXGroup;
			children = (
				0F76EEAC2778652400C6ED81 /* HomeBannerTVCell.swift */,
				0F76EEB927788A2A00C6ED81 /* RecipeTVCell.swift */,
				0FED0588277B8E31006CF7C6 /* AddIngredientTVCell.swift */,
				0F853CBB277CFAAB00002375 /* IngredientTVCell.swift */,
				0F18DD4F277F43A200535A70 /* RecipeStepTVCell.swift */,
			);
			path = TVCells;
			sourceTree = "<group>";
		};
		0F76EEAB2778644200C6ED81 /* TVCells */ = {
			isa = PBXGroup;
			children = (
				0F76EEB1277869E100C6ED81 /* HomeBannerTVCellVM.swift */,
				0F76EECF2779AAA400C6ED81 /* RecipeCellVM.swift */,
				0F853CBD277D01C600002375 /* IngredientCellVM.swift */,
				0F18DD52277F483700535A70 /* RecipeStepCellVM.swift */,
			);
			path = TVCells;
			sourceTree = "<group>";
		};
		0F76EEAE277865EB00C6ED81 /* CVCells */ = {
			isa = PBXGroup;
			children = (
				0F76EEAF2778662100C6ED81 /* BannerCVCell.swift */,
			);
			path = CVCells;
			sourceTree = "<group>";
		};
		0F76EEB327786AC600C6ED81 /* Utils */ = {
			isa = PBXGroup;
			children = (
				0F76EEB427786ADF00C6ED81 /* Utils.swift */,
			);
			path = Utils;
			sourceTree = "<group>";
		};
		0F76EEB6277883C000C6ED81 /* Extensions */ = {
			isa = PBXGroup;
			children = (
				0F76EEB7277883E500C6ED81 /* UIResponderExtension.swift */,
				0F853CBF277DEA7E00002375 /* StringExtension.swift */,
				0F18DD59277F676800535A70 /* UIStoryboardExtension.swift */,
				0F18DD5B277F6BAA00535A70 /* UIViewControllerExtension.swift */,
				0FECE2BF27811DF90024EDB5 /* UITableViewExtension.swift */,
				0FECE2C127811E0D0024EDB5 /* UICollectionViewExtension.swift */,
				0FBF3AE22781C0BB00318794 /* UIViewExtension.swift */,
			);
			path = Extensions;
			sourceTree = "<group>";
		};
		0F76EEBB277894E300C6ED81 /* CustomViews */ = {
			isa = PBXGroup;
			children = (
				0F76EEBC277894EE00C6ED81 /* TopMenuBar */,
				0F18DD54277F51F100535A70 /* UserNavigationView.swift */,
			);
			path = CustomViews;
			sourceTree = "<group>";
		};
		0F76EEBC277894EE00C6ED81 /* TopMenuBar */ = {
			isa = PBXGroup;
			children = (
				0F76EEBD2778951600C6ED81 /* MenuBar.swift */,
				0F76EEBF2778954900C6ED81 /* MenuCell.swift */,
				0F76EEC1277895E600C6ED81 /* MenuItem.swift */,
			);
			path = TopMenuBar;
			sourceTree = "<group>";
		};
		0FB6A0A62777C69F004F10AA = {
			isa = PBXGroup;
			children = (
				0FB6A0B12777C69F004F10AA /* EasyCook */,
				0FB6A0C82777C6A1004F10AA /* EasyCookTests */,
				0FB6A0D22777C6A1004F10AA /* EasyCookUITests */,
				0FB6A0B02777C69F004F10AA /* Products */,
				57B0C61AD56E895AEB8EE51B /* Pods */,
				9CE4779DBBAE6F96664BEC6A /* Frameworks */,
			);
			sourceTree = "<group>";
		};
		0FB6A0B02777C69F004F10AA /* Products */ = {
			isa = PBXGroup;
			children = (
				0FB6A0AF2777C69F004F10AA /* EasyCook.app */,
				0FB6A0C52777C6A1004F10AA /* EasyCookTests.xctest */,
				0FB6A0CF2777C6A1004F10AA /* EasyCookUITests.xctest */,
			);
			name = Products;
			sourceTree = "<group>";
		};
		0FB6A0B12777C69F004F10AA /* EasyCook */ = {
			isa = PBXGroup;
			children = (
				0F76EEB6277883C000C6ED81 /* Extensions */,
				0F76EEB327786AC600C6ED81 /* Utils */,
				0FB6A0B22777C69F004F10AA /* AppDelegate.swift */,
				0FB6A0E52777C6F7004F10AA /* Storyboards */,
				0FB6A0E42777C6E2004F10AA /* Views */,
				0FB6A0E32777C6D7004F10AA /* ViewModels */,
				0FB6A0E22777C6CD004F10AA /* Models */,
				0FB6A0E62777C74A004F10AA /* DataManager */,
				0FB6A0BB2777C6A1004F10AA /* Assets.xcassets */,
				0FB6A0BD2777C6A1004F10AA /* LaunchScreen.storyboard */,
				0FB6A0C02777C6A1004F10AA /* Info.plist */,
			);
			path = EasyCook;
			sourceTree = "<group>";
		};
		0FB6A0C82777C6A1004F10AA /* EasyCookTests */ = {
			isa = PBXGroup;
			children = (
				0FB6A0C92777C6A1004F10AA /* EasyCookTests.swift */,
			);
			path = EasyCookTests;
			sourceTree = "<group>";
		};
		0FB6A0D22777C6A1004F10AA /* EasyCookUITests */ = {
			isa = PBXGroup;
			children = (
				0FB6A0D32777C6A1004F10AA /* EasyCookUITests.swift */,
				0FB6A0D52777C6A1004F10AA /* EasyCookUITestsLaunchTests.swift */,
			);
			path = EasyCookUITests;
			sourceTree = "<group>";
		};
		0FB6A0E22777C6CD004F10AA /* Models */ = {
			isa = PBXGroup;
			children = (
				0F76EEC52778DA0000C6ED81 /* Collection.swift */,
				0F76EECB2778DB0C00C6ED81 /* Recipe.swift */,
				0F76EEC72778DA9E00C6ED81 /* User.swift */,
				0F76EEC92778DACF00C6ED81 /* Step.swift */,
			);
			path = Models;
			sourceTree = "<group>";
		};
		0FB6A0E32777C6D7004F10AA /* ViewModels */ = {
			isa = PBXGroup;
			children = (
				0F76EEAB2778644200C6ED81 /* TVCells */,
				0F76EEA72778641D00C6ED81 /* HomeVM.swift */,
				0F76EEA92778643400C6ED81 /* PrepsVM.swift */,
				0F18DD4B277F424F00535A70 /* RecipeDetailsVM.swift */,
				0F18DD51277F47F400535A70 /* BaseVMs */,
			);
			path = ViewModels;
			sourceTree = "<group>";
		};
		0FB6A0E42777C6E2004F10AA /* Views */ = {
			isa = PBXGroup;
			children = (
				0F76EEBB277894E300C6ED81 /* CustomViews */,
				0F76EEAE277865EB00C6ED81 /* CVCells */,
				0F76EEA6277863EF00C6ED81 /* TVCells */,
				0F76EEA22778516300C6ED81 /* HomeVC.swift */,
				0F76EEA42778529400C6ED81 /* PrepsVC.swift */,
				0F18DD4D277F42E300535A70 /* RecipeDetailsVC.swift */,
				0F18DD57277F669B00535A70 /* BaseVC.swift */,
			);
			path = Views;
			sourceTree = "<group>";
		};
		0FB6A0E52777C6F7004F10AA /* Storyboards */ = {
			isa = PBXGroup;
			children = (
				0FB6A0B82777C69F004F10AA /* Main.storyboard */,
			);
			path = Storyboards;
			sourceTree = "<group>";
		};
		0FB6A0E62777C74A004F10AA /* DataManager */ = {
			isa = PBXGroup;
			children = (
				0F76EEC32778D32700C6ED81 /* APIManager.swift */,
				0F76EECD2778E4DE00C6ED81 /* Router.swift */,
			);
			path = DataManager;
			sourceTree = "<group>";
		};
		57B0C61AD56E895AEB8EE51B /* Pods */ = {
			isa = PBXGroup;
			children = (
				C0DA9F20BFBE8D4C5BAC0BEE /* Pods-EasyCook.debug.xcconfig */,
				0098E81EBCADF5764B26A014 /* Pods-EasyCook.release.xcconfig */,
				24A753D2FCD8BDB3C182EA7C /* Pods-EasyCook-EasyCookUITests.debug.xcconfig */,
				4220F2298256C306DE84AFC0 /* Pods-EasyCook-EasyCookUITests.release.xcconfig */,
				7AE421C75883731CA68CFD18 /* Pods-EasyCookTests.debug.xcconfig */,
				2CA61F283CE03BB1F6BF2B6E /* Pods-EasyCookTests.release.xcconfig */,
			);
			path = Pods;
			sourceTree = "<group>";
		};
		9CE4779DBBAE6F96664BEC6A /* Frameworks */ = {
			isa = PBXGroup;
			children = (
				B6AA2E4D91CBD287568D78B5 /* Pods_EasyCook.framework */,
				301F32CF9100CAADCECDE4EC /* Pods_EasyCook_EasyCookUITests.framework */,
				0AFA0F1717FCD3646BF862C3 /* Pods_EasyCookTests.framework */,
			);
			name = Frameworks;
			sourceTree = "<group>";
		};
/* End PBXGroup section */

/* Begin PBXNativeTarget section */
		0FB6A0AE2777C69F004F10AA /* EasyCook */ = {
			isa = PBXNativeTarget;
			buildConfigurationList = 0FB6A0D92777C6A1004F10AA /* Build configuration list for PBXNativeTarget "EasyCook" */;
			buildPhases = (
				FD99A644019472C54911C5FC /* [CP] Check Pods Manifest.lock */,
				0FB6A0AB2777C69F004F10AA /* Sources */,
				0FB6A0AC2777C69F004F10AA /* Frameworks */,
				0FB6A0AD2777C69F004F10AA /* Resources */,
				7D5A1DA84CEED298D64CA255 /* [CP] Embed Pods Frameworks */,
			);
			buildRules = (
			);
			dependencies = (
			);
			name = EasyCook;
			productName = EasyCook;
			productReference = 0FB6A0AF2777C69F004F10AA /* EasyCook.app */;
			productType = "com.apple.product-type.application";
		};
		0FB6A0C42777C6A1004F10AA /* EasyCookTests */ = {
			isa = PBXNativeTarget;
			buildConfigurationList = 0FB6A0DC2777C6A1004F10AA /* Build configuration list for PBXNativeTarget "EasyCookTests" */;
			buildPhases = (
				87CA643530E588407452E310 /* [CP] Check Pods Manifest.lock */,
				0FB6A0C12777C6A1004F10AA /* Sources */,
				0FB6A0C22777C6A1004F10AA /* Frameworks */,
				0FB6A0C32777C6A1004F10AA /* Resources */,
			);
			buildRules = (
			);
			dependencies = (
				0FB6A0C72777C6A1004F10AA /* PBXTargetDependency */,
			);
			name = EasyCookTests;
			productName = EasyCookTests;
			productReference = 0FB6A0C52777C6A1004F10AA /* EasyCookTests.xctest */;
			productType = "com.apple.product-type.bundle.unit-test";
		};
		0FB6A0CE2777C6A1004F10AA /* EasyCookUITests */ = {
			isa = PBXNativeTarget;
			buildConfigurationList = 0FB6A0DF2777C6A1004F10AA /* Build configuration list for PBXNativeTarget "EasyCookUITests" */;
			buildPhases = (
				7B31A3A3D75DAB6D965D5D50 /* [CP] Check Pods Manifest.lock */,
				0FB6A0CB2777C6A1004F10AA /* Sources */,
				0FB6A0CC2777C6A1004F10AA /* Frameworks */,
				0FB6A0CD2777C6A1004F10AA /* Resources */,
				EC2DF331EEA45DA4428A74EF /* [CP] Embed Pods Frameworks */,
			);
			buildRules = (
			);
			dependencies = (
				0FB6A0D12777C6A1004F10AA /* PBXTargetDependency */,
			);
			name = EasyCookUITests;
			productName = EasyCookUITests;
			productReference = 0FB6A0CF2777C6A1004F10AA /* EasyCookUITests.xctest */;
			productType = "com.apple.product-type.bundle.ui-testing";
		};
/* End PBXNativeTarget section */

/* Begin PBXProject section */
		0FB6A0A72777C69F004F10AA /* Project object */ = {
			isa = PBXProject;
			attributes = {
				BuildIndependentTargetsInParallel = 1;
				LastSwiftUpdateCheck = 1320;
				LastUpgradeCheck = 1320;
				TargetAttributes = {
					0FB6A0AE2777C69F004F10AA = {
						CreatedOnToolsVersion = 13.2.1;
					};
					0FB6A0C42777C6A1004F10AA = {
						CreatedOnToolsVersion = 13.2.1;
						TestTargetID = 0FB6A0AE2777C69F004F10AA;
					};
					0FB6A0CE2777C6A1004F10AA = {
						CreatedOnToolsVersion = 13.2.1;
						TestTargetID = 0FB6A0AE2777C69F004F10AA;
					};
				};
			};
			buildConfigurationList = 0FB6A0AA2777C69F004F10AA /* Build configuration list for PBXProject "EasyCook" */;
			compatibilityVersion = "Xcode 13.0";
			developmentRegion = en;
			hasScannedForEncodings = 0;
			knownRegions = (
				en,
				Base,
			);
			mainGroup = 0FB6A0A62777C69F004F10AA;
			productRefGroup = 0FB6A0B02777C69F004F10AA /* Products */;
			projectDirPath = "";
			projectRoot = "";
			targets = (
				0FB6A0AE2777C69F004F10AA /* EasyCook */,
				0FB6A0C42777C6A1004F10AA /* EasyCookTests */,
				0FB6A0CE2777C6A1004F10AA /* EasyCookUITests */,
			);
		};
/* End PBXProject section */

/* Begin PBXResourcesBuildPhase section */
		0FB6A0AD2777C69F004F10AA /* Resources */ = {
			isa = PBXResourcesBuildPhase;
			buildActionMask = 2147483647;
			files = (
				0FB6A0BF2777C6A1004F10AA /* LaunchScreen.storyboard in Resources */,
				0FB6A0BC2777C6A1004F10AA /* Assets.xcassets in Resources */,
				0FB6A0BA2777C69F004F10AA /* Main.storyboard in Resources */,
			);
			runOnlyForDeploymentPostprocessing = 0;
		};
		0FB6A0C32777C6A1004F10AA /* Resources */ = {
			isa = PBXResourcesBuildPhase;
			buildActionMask = 2147483647;
			files = (
			);
			runOnlyForDeploymentPostprocessing = 0;
		};
		0FB6A0CD2777C6A1004F10AA /* Resources */ = {
			isa = PBXResourcesBuildPhase;
			buildActionMask = 2147483647;
			files = (
			);
			runOnlyForDeploymentPostprocessing = 0;
		};
/* End PBXResourcesBuildPhase section */

/* Begin PBXShellScriptBuildPhase section */
		7B31A3A3D75DAB6D965D5D50 /* [CP] Check Pods Manifest.lock */ = {
			isa = PBXShellScriptBuildPhase;
			buildActionMask = 2147483647;
			files = (
			);
			inputFileListPaths = (
			);
			inputPaths = (
				"${PODS_PODFILE_DIR_PATH}/Podfile.lock",
				"${PODS_ROOT}/Manifest.lock",
			);
			name = "[CP] Check Pods Manifest.lock";
			outputFileListPaths = (
			);
			outputPaths = (
				"$(DERIVED_FILE_DIR)/Pods-EasyCook-EasyCookUITests-checkManifestLockResult.txt",
			);
			runOnlyForDeploymentPostprocessing = 0;
			shellPath = /bin/sh;
			shellScript = "diff \"${PODS_PODFILE_DIR_PATH}/Podfile.lock\" \"${PODS_ROOT}/Manifest.lock\" > /dev/null\nif [ $? != 0 ] ; then\n    # print error to STDERR\n    echo \"error: The sandbox is not in sync with the Podfile.lock. Run 'pod install' or update your CocoaPods installation.\" >&2\n    exit 1\nfi\n# This output is used by Xcode 'outputs' to avoid re-running this script phase.\necho \"SUCCESS\" > \"${SCRIPT_OUTPUT_FILE_0}\"\n";
			showEnvVarsInLog = 0;
		};
		7D5A1DA84CEED298D64CA255 /* [CP] Embed Pods Frameworks */ = {
			isa = PBXShellScriptBuildPhase;
			buildActionMask = 2147483647;
			files = (
			);
			inputFileListPaths = (
				"${PODS_ROOT}/Target Support Files/Pods-EasyCook/Pods-EasyCook-frameworks-${CONFIGURATION}-input-files.xcfilelist",
			);
			name = "[CP] Embed Pods Frameworks";
			outputFileListPaths = (
				"${PODS_ROOT}/Target Support Files/Pods-EasyCook/Pods-EasyCook-frameworks-${CONFIGURATION}-output-files.xcfilelist",
			);
			runOnlyForDeploymentPostprocessing = 0;
			shellPath = /bin/sh;
			shellScript = "\"${PODS_ROOT}/Target Support Files/Pods-EasyCook/Pods-EasyCook-frameworks.sh\"\n";
			showEnvVarsInLog = 0;
		};
		87CA643530E588407452E310 /* [CP] Check Pods Manifest.lock */ = {
			isa = PBXShellScriptBuildPhase;
			buildActionMask = 2147483647;
			files = (
			);
			inputFileListPaths = (
			);
			inputPaths = (
				"${PODS_PODFILE_DIR_PATH}/Podfile.lock",
				"${PODS_ROOT}/Manifest.lock",
			);
			name = "[CP] Check Pods Manifest.lock";
			outputFileListPaths = (
			);
			outputPaths = (
				"$(DERIVED_FILE_DIR)/Pods-EasyCookTests-checkManifestLockResult.txt",
			);
			runOnlyForDeploymentPostprocessing = 0;
			shellPath = /bin/sh;
			shellScript = "diff \"${PODS_PODFILE_DIR_PATH}/Podfile.lock\" \"${PODS_ROOT}/Manifest.lock\" > /dev/null\nif [ $? != 0 ] ; then\n    # print error to STDERR\n    echo \"error: The sandbox is not in sync with the Podfile.lock. Run 'pod install' or update your CocoaPods installation.\" >&2\n    exit 1\nfi\n# This output is used by Xcode 'outputs' to avoid re-running this script phase.\necho \"SUCCESS\" > \"${SCRIPT_OUTPUT_FILE_0}\"\n";
			showEnvVarsInLog = 0;
		};
		EC2DF331EEA45DA4428A74EF /* [CP] Embed Pods Frameworks */ = {
			isa = PBXShellScriptBuildPhase;
			buildActionMask = 2147483647;
			files = (
			);
			inputFileListPaths = (
				"${PODS_ROOT}/Target Support Files/Pods-EasyCook-EasyCookUITests/Pods-EasyCook-EasyCookUITests-frameworks-${CONFIGURATION}-input-files.xcfilelist",
			);
			name = "[CP] Embed Pods Frameworks";
			outputFileListPaths = (
				"${PODS_ROOT}/Target Support Files/Pods-EasyCook-EasyCookUITests/Pods-EasyCook-EasyCookUITests-frameworks-${CONFIGURATION}-output-files.xcfilelist",
			);
			runOnlyForDeploymentPostprocessing = 0;
			shellPath = /bin/sh;
			shellScript = "\"${PODS_ROOT}/Target Support Files/Pods-EasyCook-EasyCookUITests/Pods-EasyCook-EasyCookUITests-frameworks.sh\"\n";
			showEnvVarsInLog = 0;
		};
		FD99A644019472C54911C5FC /* [CP] Check Pods Manifest.lock */ = {
			isa = PBXShellScriptBuildPhase;
			buildActionMask = 2147483647;
			files = (
			);
			inputFileListPaths = (
			);
			inputPaths = (
				"${PODS_PODFILE_DIR_PATH}/Podfile.lock",
				"${PODS_ROOT}/Manifest.lock",
			);
			name = "[CP] Check Pods Manifest.lock";
			outputFileListPaths = (
			);
			outputPaths = (
				"$(DERIVED_FILE_DIR)/Pods-EasyCook-checkManifestLockResult.txt",
			);
			runOnlyForDeploymentPostprocessing = 0;
			shellPath = /bin/sh;
			shellScript = "diff \"${PODS_PODFILE_DIR_PATH}/Podfile.lock\" \"${PODS_ROOT}/Manifest.lock\" > /dev/null\nif [ $? != 0 ] ; then\n    # print error to STDERR\n    echo \"error: The sandbox is not in sync with the Podfile.lock. Run 'pod install' or update your CocoaPods installation.\" >&2\n    exit 1\nfi\n# This output is used by Xcode 'outputs' to avoid re-running this script phase.\necho \"SUCCESS\" > \"${SCRIPT_OUTPUT_FILE_0}\"\n";
			showEnvVarsInLog = 0;
		};
/* End PBXShellScriptBuildPhase section */

/* Begin PBXSourcesBuildPhase section */
		0FB6A0AB2777C69F004F10AA /* Sources */ = {
			isa = PBXSourcesBuildPhase;
			buildActionMask = 2147483647;
			files = (
				0FB6A0B32777C69F004F10AA /* AppDelegate.swift in Sources */,
				0F18DD58277F669B00535A70 /* BaseVC.swift in Sources */,
				0F18DD4C277F424F00535A70 /* RecipeDetailsVM.swift in Sources */,
				0F76EEA52778529400C6ED81 /* PrepsVC.swift in Sources */,
				0F76EEBE2778951600C6ED81 /* MenuBar.swift in Sources */,
				0F76EEB527786ADF00C6ED81 /* Utils.swift in Sources */,
				0F76EEAD2778652400C6ED81 /* HomeBannerTVCell.swift in Sources */,
				0F76EEB8277883E500C6ED81 /* UIResponderExtension.swift in Sources */,
				0F76EEA32778516300C6ED81 /* HomeVC.swift in Sources */,
				0F76EEC82778DA9E00C6ED81 /* User.swift in Sources */,
				0F76EEC62778DA0000C6ED81 /* Collection.swift in Sources */,
				0F76EEC2277895E600C6ED81 /* MenuItem.swift in Sources */,
				0F18DD5C277F6BAA00535A70 /* UIViewControllerExtension.swift in Sources */,
				0FED0589277B8E31006CF7C6 /* AddIngredientTVCell.swift in Sources */,
				0F76EEAA2778643400C6ED81 /* PrepsVM.swift in Sources */,
				0F18DD5A277F676800535A70 /* UIStoryboardExtension.swift in Sources */,
				0F18DD50277F43A200535A70 /* RecipeStepTVCell.swift in Sources */,
				0F853CBC277CFAAB00002375 /* IngredientTVCell.swift in Sources */,
				0F76EECA2778DACF00C6ED81 /* Step.swift in Sources */,
				0F18DD4A277F418700535A70 /* BaseRecipeVM.swift in Sources */,
				0F18DD53277F483700535A70 /* RecipeStepCellVM.swift in Sources */,
				0F76EECE2778E4DE00C6ED81 /* Router.swift in Sources */,
				0FED058B277B934A006CF7C6 /* BaseViewModel.swift in Sources */,
				0F853CBE277D01C600002375 /* IngredientCellVM.swift in Sources */,
				0F76EEA82778641D00C6ED81 /* HomeVM.swift in Sources */,
				0F853CC0277DEA7F00002375 /* StringExtension.swift in Sources */,
				0F76EEB02778662100C6ED81 /* BannerCVCell.swift in Sources */,
				0FECE2C027811DF90024EDB5 /* UITableViewExtension.swift in Sources */,
				0F76EEB2277869E100C6ED81 /* HomeBannerTVCellVM.swift in Sources */,
				0F76EEC42778D32700C6ED81 /* APIManager.swift in Sources */,
				0F76EECC2778DB0C00C6ED81 /* Recipe.swift in Sources */,
				0F76EED02779AAA400C6ED81 /* RecipeCellVM.swift in Sources */,
				0FBF3AE32781C0BC00318794 /* UIViewExtension.swift in Sources */,
				0F18DD4E277F42E300535A70 /* RecipeDetailsVC.swift in Sources */,
				0FECE2C227811E0D0024EDB5 /* UICollectionViewExtension.swift in Sources */,
				0F18DD55277F51F100535A70 /* UserNavigationView.swift in Sources */,
				0F76EEC02778954900C6ED81 /* MenuCell.swift in Sources */,
				0F76EEBA27788A2B00C6ED81 /* RecipeTVCell.swift in Sources */,
			);
			runOnlyForDeploymentPostprocessing = 0;
		};
		0FB6A0C12777C6A1004F10AA /* Sources */ = {
			isa = PBXSourcesBuildPhase;
			buildActionMask = 2147483647;
			files = (
				0FB6A0CA2777C6A1004F10AA /* EasyCookTests.swift in Sources */,
			);
			runOnlyForDeploymentPostprocessing = 0;
		};
		0FB6A0CB2777C6A1004F10AA /* Sources */ = {
			isa = PBXSourcesBuildPhase;
			buildActionMask = 2147483647;
			files = (
				0FB6A0D62777C6A1004F10AA /* EasyCookUITestsLaunchTests.swift in Sources */,
				0FB6A0D42777C6A1004F10AA /* EasyCookUITests.swift in Sources */,
			);
			runOnlyForDeploymentPostprocessing = 0;
		};
/* End PBXSourcesBuildPhase section */

/* Begin PBXTargetDependency section */
		0FB6A0C72777C6A1004F10AA /* PBXTargetDependency */ = {
			isa = PBXTargetDependency;
			target = 0FB6A0AE2777C69F004F10AA /* EasyCook */;
			targetProxy = 0FB6A0C62777C6A1004F10AA /* PBXContainerItemProxy */;
		};
		0FB6A0D12777C6A1004F10AA /* PBXTargetDependency */ = {
			isa = PBXTargetDependency;
			target = 0FB6A0AE2777C69F004F10AA /* EasyCook */;
			targetProxy = 0FB6A0D02777C6A1004F10AA /* PBXContainerItemProxy */;
		};
/* End PBXTargetDependency section */

/* Begin PBXVariantGroup section */
		0FB6A0B82777C69F004F10AA /* Main.storyboard */ = {
			isa = PBXVariantGroup;
			children = (
				0FB6A0B92777C69F004F10AA /* Base */,
			);
			name = Main.storyboard;
			sourceTree = "<group>";
		};
		0FB6A0BD2777C6A1004F10AA /* LaunchScreen.storyboard */ = {
			isa = PBXVariantGroup;
			children = (
				0FB6A0BE2777C6A1004F10AA /* Base */,
			);
			name = LaunchScreen.storyboard;
			sourceTree = "<group>";
		};
/* End PBXVariantGroup section */

/* Begin XCBuildConfiguration section */
		0FB6A0D72777C6A1004F10AA /* Debug */ = {
			isa = XCBuildConfiguration;
			buildSettings = {
				ALWAYS_SEARCH_USER_PATHS = NO;
				CLANG_ANALYZER_NONNULL = YES;
				CLANG_ANALYZER_NUMBER_OBJECT_CONVERSION = YES_AGGRESSIVE;
				CLANG_CXX_LANGUAGE_STANDARD = "gnu++17";
				CLANG_CXX_LIBRARY = "libc++";
				CLANG_ENABLE_MODULES = YES;
				CLANG_ENABLE_OBJC_ARC = YES;
				CLANG_ENABLE_OBJC_WEAK = YES;
				CLANG_WARN_BLOCK_CAPTURE_AUTORELEASING = YES;
				CLANG_WARN_BOOL_CONVERSION = YES;
				CLANG_WARN_COMMA = YES;
				CLANG_WARN_CONSTANT_CONVERSION = YES;
				CLANG_WARN_DEPRECATED_OBJC_IMPLEMENTATIONS = YES;
				CLANG_WARN_DIRECT_OBJC_ISA_USAGE = YES_ERROR;
				CLANG_WARN_DOCUMENTATION_COMMENTS = YES;
				CLANG_WARN_EMPTY_BODY = YES;
				CLANG_WARN_ENUM_CONVERSION = YES;
				CLANG_WARN_INFINITE_RECURSION = YES;
				CLANG_WARN_INT_CONVERSION = YES;
				CLANG_WARN_NON_LITERAL_NULL_CONVERSION = YES;
				CLANG_WARN_OBJC_IMPLICIT_RETAIN_SELF = YES;
				CLANG_WARN_OBJC_LITERAL_CONVERSION = YES;
				CLANG_WARN_OBJC_ROOT_CLASS = YES_ERROR;
				CLANG_WARN_QUOTED_INCLUDE_IN_FRAMEWORK_HEADER = YES;
				CLANG_WARN_RANGE_LOOP_ANALYSIS = YES;
				CLANG_WARN_STRICT_PROTOTYPES = YES;
				CLANG_WARN_SUSPICIOUS_MOVE = YES;
				CLANG_WARN_UNGUARDED_AVAILABILITY = YES_AGGRESSIVE;
				CLANG_WARN_UNREACHABLE_CODE = YES;
				CLANG_WARN__DUPLICATE_METHOD_MATCH = YES;
				COPY_PHASE_STRIP = NO;
				DEBUG_INFORMATION_FORMAT = dwarf;
				ENABLE_STRICT_OBJC_MSGSEND = YES;
				ENABLE_TESTABILITY = YES;
				GCC_C_LANGUAGE_STANDARD = gnu11;
				GCC_DYNAMIC_NO_PIC = NO;
				GCC_NO_COMMON_BLOCKS = YES;
				GCC_OPTIMIZATION_LEVEL = 0;
				GCC_PREPROCESSOR_DEFINITIONS = (
					"DEBUG=1",
					"$(inherited)",
				);
				GCC_WARN_64_TO_32_BIT_CONVERSION = YES;
				GCC_WARN_ABOUT_RETURN_TYPE = YES_ERROR;
				GCC_WARN_UNDECLARED_SELECTOR = YES;
				GCC_WARN_UNINITIALIZED_AUTOS = YES_AGGRESSIVE;
				GCC_WARN_UNUSED_FUNCTION = YES;
				GCC_WARN_UNUSED_VARIABLE = YES;
				IPHONEOS_DEPLOYMENT_TARGET = 15.2;
				MTL_ENABLE_DEBUG_INFO = INCLUDE_SOURCE;
				MTL_FAST_MATH = YES;
				ONLY_ACTIVE_ARCH = YES;
				SDKROOT = iphoneos;
				SWIFT_ACTIVE_COMPILATION_CONDITIONS = DEBUG;
				SWIFT_OPTIMIZATION_LEVEL = "-Onone";
			};
			name = Debug;
		};
		0FB6A0D82777C6A1004F10AA /* Release */ = {
			isa = XCBuildConfiguration;
			buildSettings = {
				ALWAYS_SEARCH_USER_PATHS = NO;
				CLANG_ANALYZER_NONNULL = YES;
				CLANG_ANALYZER_NUMBER_OBJECT_CONVERSION = YES_AGGRESSIVE;
				CLANG_CXX_LANGUAGE_STANDARD = "gnu++17";
				CLANG_CXX_LIBRARY = "libc++";
				CLANG_ENABLE_MODULES = YES;
				CLANG_ENABLE_OBJC_ARC = YES;
				CLANG_ENABLE_OBJC_WEAK = YES;
				CLANG_WARN_BLOCK_CAPTURE_AUTORELEASING = YES;
				CLANG_WARN_BOOL_CONVERSION = YES;
				CLANG_WARN_COMMA = YES;
				CLANG_WARN_CONSTANT_CONVERSION = YES;
				CLANG_WARN_DEPRECATED_OBJC_IMPLEMENTATIONS = YES;
				CLANG_WARN_DIRECT_OBJC_ISA_USAGE = YES_ERROR;
				CLANG_WARN_DOCUMENTATION_COMMENTS = YES;
				CLANG_WARN_EMPTY_BODY = YES;
				CLANG_WARN_ENUM_CONVERSION = YES;
				CLANG_WARN_INFINITE_RECURSION = YES;
				CLANG_WARN_INT_CONVERSION = YES;
				CLANG_WARN_NON_LITERAL_NULL_CONVERSION = YES;
				CLANG_WARN_OBJC_IMPLICIT_RETAIN_SELF = YES;
				CLANG_WARN_OBJC_LITERAL_CONVERSION = YES;
				CLANG_WARN_OBJC_ROOT_CLASS = YES_ERROR;
				CLANG_WARN_QUOTED_INCLUDE_IN_FRAMEWORK_HEADER = YES;
				CLANG_WARN_RANGE_LOOP_ANALYSIS = YES;
				CLANG_WARN_STRICT_PROTOTYPES = YES;
				CLANG_WARN_SUSPICIOUS_MOVE = YES;
				CLANG_WARN_UNGUARDED_AVAILABILITY = YES_AGGRESSIVE;
				CLANG_WARN_UNREACHABLE_CODE = YES;
				CLANG_WARN__DUPLICATE_METHOD_MATCH = YES;
				COPY_PHASE_STRIP = NO;
				DEBUG_INFORMATION_FORMAT = "dwarf-with-dsym";
				ENABLE_NS_ASSERTIONS = NO;
				ENABLE_STRICT_OBJC_MSGSEND = YES;
				GCC_C_LANGUAGE_STANDARD = gnu11;
				GCC_NO_COMMON_BLOCKS = YES;
				GCC_WARN_64_TO_32_BIT_CONVERSION = YES;
				GCC_WARN_ABOUT_RETURN_TYPE = YES_ERROR;
				GCC_WARN_UNDECLARED_SELECTOR = YES;
				GCC_WARN_UNINITIALIZED_AUTOS = YES_AGGRESSIVE;
				GCC_WARN_UNUSED_FUNCTION = YES;
				GCC_WARN_UNUSED_VARIABLE = YES;
				IPHONEOS_DEPLOYMENT_TARGET = 15.2;
				MTL_ENABLE_DEBUG_INFO = NO;
				MTL_FAST_MATH = YES;
				SDKROOT = iphoneos;
				SWIFT_COMPILATION_MODE = wholemodule;
				SWIFT_OPTIMIZATION_LEVEL = "-O";
				VALIDATE_PRODUCT = YES;
			};
			name = Release;
		};
		0FB6A0DA2777C6A1004F10AA /* Debug */ = {
			isa = XCBuildConfiguration;
			baseConfigurationReference = C0DA9F20BFBE8D4C5BAC0BEE /* Pods-EasyCook.debug.xcconfig */;
			buildSettings = {
				ASSETCATALOG_COMPILER_APPICON_NAME = AppIcon;
				ASSETCATALOG_COMPILER_GLOBAL_ACCENT_COLOR_NAME = AccentColor;
				CODE_SIGN_STYLE = Automatic;
				CURRENT_PROJECT_VERSION = 1;
				DEVELOPMENT_TEAM = PJ2M579DS3;
				GENERATE_INFOPLIST_FILE = YES;
				INFOPLIST_FILE = EasyCook/Info.plist;
				INFOPLIST_KEY_UIApplicationSupportsIndirectInputEvents = YES;
				INFOPLIST_KEY_UILaunchStoryboardName = LaunchScreen;
				INFOPLIST_KEY_UIMainStoryboardFile = Main;
				INFOPLIST_KEY_UIStatusBarHidden = NO;
				INFOPLIST_KEY_UISupportedInterfaceOrientations = UIInterfaceOrientationPortrait;
				INFOPLIST_KEY_UISupportedInterfaceOrientations_iPad = "UIInterfaceOrientationPortrait UIInterfaceOrientationPortraitUpsideDown UIInterfaceOrientationLandscapeLeft UIInterfaceOrientationLandscapeRight";
				INFOPLIST_KEY_UISupportedInterfaceOrientations_iPhone = "UIInterfaceOrientationPortrait UIInterfaceOrientationLandscapeLeft UIInterfaceOrientationLandscapeRight";
				LD_RUNPATH_SEARCH_PATHS = (
					"$(inherited)",
					"@executable_path/Frameworks",
				);
				MARKETING_VERSION = 1.0;
				PRODUCT_BUNDLE_IDENTIFIER = com.mohamd.elaabd.EasyCook;
				PRODUCT_NAME = "$(TARGET_NAME)";
				SWIFT_EMIT_LOC_STRINGS = YES;
				SWIFT_VERSION = 5.0;
				TARGETED_DEVICE_FAMILY = 1;
			};
			name = Debug;
		};
		0FB6A0DB2777C6A1004F10AA /* Release */ = {
			isa = XCBuildConfiguration;
			baseConfigurationReference = 0098E81EBCADF5764B26A014 /* Pods-EasyCook.release.xcconfig */;
			buildSettings = {
				ASSETCATALOG_COMPILER_APPICON_NAME = AppIcon;
				ASSETCATALOG_COMPILER_GLOBAL_ACCENT_COLOR_NAME = AccentColor;
				CODE_SIGN_STYLE = Automatic;
				CURRENT_PROJECT_VERSION = 1;
				DEVELOPMENT_TEAM = PJ2M579DS3;
				GENERATE_INFOPLIST_FILE = YES;
				INFOPLIST_FILE = EasyCook/Info.plist;
				INFOPLIST_KEY_UIApplicationSupportsIndirectInputEvents = YES;
				INFOPLIST_KEY_UILaunchStoryboardName = LaunchScreen;
				INFOPLIST_KEY_UIMainStoryboardFile = Main;
				INFOPLIST_KEY_UIStatusBarHidden = NO;
				INFOPLIST_KEY_UISupportedInterfaceOrientations = UIInterfaceOrientationPortrait;
				INFOPLIST_KEY_UISupportedInterfaceOrientations_iPad = "UIInterfaceOrientationPortrait UIInterfaceOrientationPortraitUpsideDown UIInterfaceOrientationLandscapeLeft UIInterfaceOrientationLandscapeRight";
				INFOPLIST_KEY_UISupportedInterfaceOrientations_iPhone = "UIInterfaceOrientationPortrait UIInterfaceOrientationLandscapeLeft UIInterfaceOrientationLandscapeRight";
				LD_RUNPATH_SEARCH_PATHS = (
					"$(inherited)",
					"@executable_path/Frameworks",
				);
				MARKETING_VERSION = 1.0;
				PRODUCT_BUNDLE_IDENTIFIER = com.mohamd.elaabd.EasyCook;
				PRODUCT_NAME = "$(TARGET_NAME)";
				SWIFT_EMIT_LOC_STRINGS = YES;
				SWIFT_VERSION = 5.0;
				TARGETED_DEVICE_FAMILY = 1;
			};
			name = Release;
		};
		0FB6A0DD2777C6A1004F10AA /* Debug */ = {
			isa = XCBuildConfiguration;
			baseConfigurationReference = 7AE421C75883731CA68CFD18 /* Pods-EasyCookTests.debug.xcconfig */;
			buildSettings = {
				ALWAYS_EMBED_SWIFT_STANDARD_LIBRARIES = YES;
				BUNDLE_LOADER = "$(TEST_HOST)";
				CODE_SIGN_STYLE = Automatic;
				CURRENT_PROJECT_VERSION = 1;
				DEVELOPMENT_TEAM = PJ2M579DS3;
				GENERATE_INFOPLIST_FILE = YES;
				IPHONEOS_DEPLOYMENT_TARGET = 15.2;
				MARKETING_VERSION = 1.0;
				PRODUCT_BUNDLE_IDENTIFIER = com.mohamd.elaabd.EasyCookTests;
				PRODUCT_NAME = "$(TARGET_NAME)";
				SWIFT_EMIT_LOC_STRINGS = NO;
				SWIFT_VERSION = 5.0;
				TARGETED_DEVICE_FAMILY = "1,2";
				TEST_HOST = "$(BUILT_PRODUCTS_DIR)/EasyCook.app/EasyCook";
			};
			name = Debug;
		};
		0FB6A0DE2777C6A1004F10AA /* Release */ = {
			isa = XCBuildConfiguration;
			baseConfigurationReference = 2CA61F283CE03BB1F6BF2B6E /* Pods-EasyCookTests.release.xcconfig */;
			buildSettings = {
				ALWAYS_EMBED_SWIFT_STANDARD_LIBRARIES = YES;
				BUNDLE_LOADER = "$(TEST_HOST)";
				CODE_SIGN_STYLE = Automatic;
				CURRENT_PROJECT_VERSION = 1;
				DEVELOPMENT_TEAM = PJ2M579DS3;
				GENERATE_INFOPLIST_FILE = YES;
				IPHONEOS_DEPLOYMENT_TARGET = 15.2;
				MARKETING_VERSION = 1.0;
				PRODUCT_BUNDLE_IDENTIFIER = com.mohamd.elaabd.EasyCookTests;
				PRODUCT_NAME = "$(TARGET_NAME)";
				SWIFT_EMIT_LOC_STRINGS = NO;
				SWIFT_VERSION = 5.0;
				TARGETED_DEVICE_FAMILY = "1,2";
				TEST_HOST = "$(BUILT_PRODUCTS_DIR)/EasyCook.app/EasyCook";
			};
			name = Release;
		};
		0FB6A0E02777C6A1004F10AA /* Debug */ = {
			isa = XCBuildConfiguration;
			baseConfigurationReference = 24A753D2FCD8BDB3C182EA7C /* Pods-EasyCook-EasyCookUITests.debug.xcconfig */;
			buildSettings = {
				ALWAYS_EMBED_SWIFT_STANDARD_LIBRARIES = YES;
				CODE_SIGN_STYLE = Automatic;
				CURRENT_PROJECT_VERSION = 1;
				DEVELOPMENT_TEAM = PJ2M579DS3;
				GENERATE_INFOPLIST_FILE = YES;
				MARKETING_VERSION = 1.0;
				PRODUCT_BUNDLE_IDENTIFIER = com.mohamd.elaabd.EasyCookUITests;
				PRODUCT_NAME = "$(TARGET_NAME)";
				SWIFT_EMIT_LOC_STRINGS = NO;
				SWIFT_VERSION = 5.0;
				TARGETED_DEVICE_FAMILY = "1,2";
				TEST_TARGET_NAME = EasyCook;
			};
			name = Debug;
		};
		0FB6A0E12777C6A1004F10AA /* Release */ = {
			isa = XCBuildConfiguration;
			baseConfigurationReference = 4220F2298256C306DE84AFC0 /* Pods-EasyCook-EasyCookUITests.release.xcconfig */;
			buildSettings = {
				ALWAYS_EMBED_SWIFT_STANDARD_LIBRARIES = YES;
				CODE_SIGN_STYLE = Automatic;
				CURRENT_PROJECT_VERSION = 1;
				DEVELOPMENT_TEAM = PJ2M579DS3;
				GENERATE_INFOPLIST_FILE = YES;
				MARKETING_VERSION = 1.0;
				PRODUCT_BUNDLE_IDENTIFIER = com.mohamd.elaabd.EasyCookUITests;
				PRODUCT_NAME = "$(TARGET_NAME)";
				SWIFT_EMIT_LOC_STRINGS = NO;
				SWIFT_VERSION = 5.0;
				TARGETED_DEVICE_FAMILY = "1,2";
				TEST_TARGET_NAME = EasyCook;
			};
			name = Release;
		};
/* End XCBuildConfiguration section */

/* Begin XCConfigurationList section */
		0FB6A0AA2777C69F004F10AA /* Build configuration list for PBXProject "EasyCook" */ = {
			isa = XCConfigurationList;
			buildConfigurations = (
				0FB6A0D72777C6A1004F10AA /* Debug */,
				0FB6A0D82777C6A1004F10AA /* Release */,
			);
			defaultConfigurationIsVisible = 0;
			defaultConfigurationName = Release;
		};
		0FB6A0D92777C6A1004F10AA /* Build configuration list for PBXNativeTarget "EasyCook" */ = {
			isa = XCConfigurationList;
			buildConfigurations = (
				0FB6A0DA2777C6A1004F10AA /* Debug */,
				0FB6A0DB2777C6A1004F10AA /* Release */,
			);
			defaultConfigurationIsVisible = 0;
			defaultConfigurationName = Release;
		};
		0FB6A0DC2777C6A1004F10AA /* Build configuration list for PBXNativeTarget "EasyCookTests" */ = {
			isa = XCConfigurationList;
			buildConfigurations = (
				0FB6A0DD2777C6A1004F10AA /* Debug */,
				0FB6A0DE2777C6A1004F10AA /* Release */,
			);
			defaultConfigurationIsVisible = 0;
			defaultConfigurationName = Release;
		};
		0FB6A0DF2777C6A1004F10AA /* Build configuration list for PBXNativeTarget "EasyCookUITests" */ = {
			isa = XCConfigurationList;
			buildConfigurations = (
				0FB6A0E02777C6A1004F10AA /* Debug */,
				0FB6A0E12777C6A1004F10AA /* Release */,
			);
			defaultConfigurationIsVisible = 0;
			defaultConfigurationName = Release;
		};
/* End XCConfigurationList section */
	};
	rootObject = 0FB6A0A72777C69F004F10AA /* Project object */;
}
